<?xml version="1.0" encoding="utf-8"?>
<Project ToolsVersion="4.0" xmlns="http://schemas.microsoft.com/developer/msbuild/2003">
  <ItemGroup>
    <Filter Include="Source Files">
      <UniqueIdentifier>{4FC737F1-C7A5-4376-A066-2A32D752A2FF}</UniqueIdentifier>
      <Extensions>cpp;c;cc;cxx;c++;cppm;ixx;def;odl;idl;hpj;bat;asm;asmx</Extensions>
    </Filter>
    <Filter Include="Header Files">
      <UniqueIdentifier>{93995380-89BD-4b04-88EB-625FBE52EBFB}</UniqueIdentifier>
      <Extensions>h;hh;hpp;hxx;h++;hm;inl;inc;ipp;xsd</Extensions>
    </Filter>
    <Filter Include="Resource Files">
      <UniqueIdentifier>{67DA6AB6-F800-4c08-8B7A-83BB121AAD01}</UniqueIdentifier>
      <Extensions>rc;ico;cur;bmp;dlg;rc2;rct;bin;rgs;gif;jpg;jpeg;jpe;resx;tiff;tif;png;wav;mfcribbon-ms</Extensions>
    </Filter>
    <Filter Include="Header Files\math">
      <UniqueIdentifier>{3db1998f-2111-4725-bec3-1f950f8c0a62}</UniqueIdentifier>
    </Filter>
    <Filter Include="Source Files\math">
      <UniqueIdentifier>{1a41c786-f614-4c5e-b61b-bdc0b43a7cc1}</UniqueIdentifier>
    </Filter>
    <Filter Include="Resource Files\shaders">
      <UniqueIdentifier>{f7ca305e-0213-431f-839c-77d2831d26ee}</UniqueIdentifier>
    </Filter>
    <Filter Include="Header Files\system">
      <UniqueIdentifier>{ffd810d8-8141-4b32-ae53-0bfff09011ec}</UniqueIdentifier>
    </Filter>
    <Filter Include="Source Files\system">
      <UniqueIdentifier>{9a71de3f-7ecd-4494-91b7-299723c48905}</UniqueIdentifier>
    </Filter>
    <Filter Include="Header Files\scripting">
      <UniqueIdentifier>{3060f0d8-9000-41f0-b0a2-ba3689c28cec}</UniqueIdentifier>
    </Filter>
    <Filter Include="Source Files\scripting">
      <UniqueIdentifier>{da6d3d48-e226-41b7-981b-8ad84a605ffc}</UniqueIdentifier>
    </Filter>
    <Filter Include="Source Files\scripting\mono">
      <UniqueIdentifier>{d5b5718f-1be2-4bfc-98b3-9015bc70f1d7}</UniqueIdentifier>
    </Filter>
    <Filter Include="Header Files\scripting\mono">
      <UniqueIdentifier>{3e6ceeb4-1f74-451d-9be9-64a8b63c6357}</UniqueIdentifier>
    </Filter>
    <Filter Include="Header Files\scripting\mono\wrapper">
      <UniqueIdentifier>{44484ff6-26fe-44ac-b331-5a8cb049dbb0}</UniqueIdentifier>
    </Filter>
    <Filter Include="Source Files\scripting\mono\wrapper">
      <UniqueIdentifier>{903766e4-5f31-4902-a84a-a74ab6e7f93b}</UniqueIdentifier>
    </Filter>
    <Filter Include="lib">
      <UniqueIdentifier>{8d80d73f-744e-4d80-b36e-07c7cd02e753}</UniqueIdentifier>
    </Filter>
    <Filter Include="Source Files\resourceManager">
      <UniqueIdentifier>{73a8ef6d-25dd-49c3-b5f5-999c53e444d7}</UniqueIdentifier>
    </Filter>
    <Filter Include="Header Files\resourceManager">
      <UniqueIdentifier>{d549b4da-00ab-4ef2-b022-9e5f5044b188}</UniqueIdentifier>
    </Filter>
    <Filter Include="Header Files\sceneSystem">
      <UniqueIdentifier>{51a48cc8-8ba2-4070-8a35-0131acdc6254}</UniqueIdentifier>
    </Filter>
    <Filter Include="Header Files\sceneSystem\components">
      <UniqueIdentifier>{c62aba22-a2f7-48e2-9451-c0b4a68a9f6e}</UniqueIdentifier>
    </Filter>
    <Filter Include="Header Files\sceneSystem\ecs">
      <UniqueIdentifier>{f0a26f86-8f88-4487-86b1-c73bfc9a9cc4}</UniqueIdentifier>
    </Filter>
    <Filter Include="Header Files\sceneSystem\entity">
      <UniqueIdentifier>{d2b35cb9-c42e-49a1-8cba-f160506f0881}</UniqueIdentifier>
    </Filter>
    <Filter Include="Source Files\sceneSystem">
      <UniqueIdentifier>{13fe4735-302d-4c33-a4dc-912f49db7658}</UniqueIdentifier>
    </Filter>
    <Filter Include="Source Files\sceneSystem\components">
      <UniqueIdentifier>{9a4a42df-4852-4fae-9303-88bddc4517a7}</UniqueIdentifier>
    </Filter>
    <Filter Include="Source Files\sceneSystem\ecs">
      <UniqueIdentifier>{621a7aa6-2377-49b3-880f-13e6fffb5279}</UniqueIdentifier>
    </Filter>
    <Filter Include="Source Files\sceneSystem\entity">
      <UniqueIdentifier>{1f5729d3-aca2-40f8-858e-ebc402593254}</UniqueIdentifier>
    </Filter>
    <Filter Include="Dependencies">
      <UniqueIdentifier>{f975c8a8-6a53-4da8-97cd-27938f338cb9}</UniqueIdentifier>
    </Filter>
    <Filter Include="Dependencies\mono">
      <UniqueIdentifier>{be1c68bd-b453-47b3-92fa-6d016a44c486}</UniqueIdentifier>
    </Filter>
    <Filter Include="Resource Files\Default">
      <UniqueIdentifier>{c0584d04-66d5-4da3-a8e9-a4db434f6027}</UniqueIdentifier>
    </Filter>
    <Filter Include="Resource Files\Default\Fonts">
      <UniqueIdentifier>{1c70a884-cce4-4f0d-b34a-19391e8c2966}</UniqueIdentifier>
    </Filter>
    <Filter Include="Header Files\resourceManager\animation">
      <UniqueIdentifier>{82865970-d7ab-4535-93ef-51812f116c11}</UniqueIdentifier>
    </Filter>
    <Filter Include="Header Files\resourceManager\atlas">
      <UniqueIdentifier>{19280f35-1ad3-48fe-87e0-fb877effc56b}</UniqueIdentifier>
    </Filter>
    <Filter Include="Header Files\resourceManager\shader">
      <UniqueIdentifier>{a1d1f016-da28-4f6a-a4eb-99c2dedd1f88}</UniqueIdentifier>
    </Filter>
    <Filter Include="Header Files\resourceManager\font">
      <UniqueIdentifier>{090c89d8-86d2-45a2-9aef-21cc2d00b139}</UniqueIdentifier>
    </Filter>
    <Filter Include="Header Files\resourceManager\color">
      <UniqueIdentifier>{5d149d3f-6af0-47a1-bb77-778b4b1b83b5}</UniqueIdentifier>
    </Filter>
    <Filter Include="Header Files\resourceManager\texture">
      <UniqueIdentifier>{c5d06fcb-e193-4a3f-81cf-2e8d340828ee}</UniqueIdentifier>
    </Filter>
    <Filter Include="Source Files\resourceManager\animation">
      <UniqueIdentifier>{1cb99ae3-a152-4e89-b710-4df33d72ea7d}</UniqueIdentifier>
    </Filter>
    <Filter Include="Source Files\resourceManager\atlas">
      <UniqueIdentifier>{b6021e73-d363-441a-87ec-86a225db32cc}</UniqueIdentifier>
    </Filter>
    <Filter Include="Source Files\resourceManager\color">
      <UniqueIdentifier>{970c5cb9-a2d6-4c41-98a8-090aab5df741}</UniqueIdentifier>
    </Filter>
    <Filter Include="Source Files\resourceManager\font">
      <UniqueIdentifier>{c99851ac-a75b-4d04-9e6e-b00c312ccf66}</UniqueIdentifier>
    </Filter>
    <Filter Include="Source Files\resourceManager\shader">
      <UniqueIdentifier>{52fe825a-a0a6-42b3-beae-63f6213cd433}</UniqueIdentifier>
    </Filter>
    <Filter Include="Source Files\resourceManager\texture">
      <UniqueIdentifier>{730401df-9c0f-429a-b19d-512e6c4cefbe}</UniqueIdentifier>
    </Filter>
    <Filter Include="Header Files\utils">
      <UniqueIdentifier>{5b35b8b8-7a73-41ba-956a-b160a6d072ec}</UniqueIdentifier>
    </Filter>
    <Filter Include="Source Files\utils">
      <UniqueIdentifier>{453c6953-8e03-4c3e-a7d9-78993098e966}</UniqueIdentifier>
    </Filter>
    <Filter Include="Source Files\resourceManager\opengl">
      <UniqueIdentifier>{0bcd5cdc-e356-433c-8b1b-7ff4282297c9}</UniqueIdentifier>
    </Filter>
    <Filter Include="Header Files\resourceManager\opengl">
      <UniqueIdentifier>{66a74642-8f03-40be-9aa5-45b6def17188}</UniqueIdentifier>
    </Filter>
    <Filter Include="Header Files\input">
      <UniqueIdentifier>{8ab0630f-411b-4434-a66c-dd737db520ef}</UniqueIdentifier>
    </Filter>
    <Filter Include="Source Files\input">
      <UniqueIdentifier>{af3b0ee6-82be-4da7-992a-2a3f3003c659}</UniqueIdentifier>
    </Filter>
    <Filter Include="Header Files\audio">
      <UniqueIdentifier>{4e4a0f5a-8dc2-4da0-b792-fccf12d37422}</UniqueIdentifier>
    </Filter>
    <Filter Include="Source Files\audio">
      <UniqueIdentifier>{1dfd966c-6aa3-4dcc-ba64-1ad99591c3c1}</UniqueIdentifier>
    </Filter>
    <Filter Include="Header Files\physicsEngine">
      <UniqueIdentifier>{d5093873-4b32-4a96-b5b8-80a462681865}</UniqueIdentifier>
    </Filter>
    <Filter Include="Header Files\physicsEngine\force">
      <UniqueIdentifier>{f8390c55-d038-429b-9081-0854f4f7281d}</UniqueIdentifier>
    </Filter>
    <Filter Include="Header Files\physicsEngine\colliders">
      <UniqueIdentifier>{e518a4bc-20a3-4175-a8a4-301f826d3419}</UniqueIdentifier>
    </Filter>
    <Filter Include="Source Files\physicsEngine">
      <UniqueIdentifier>{9936c9ac-43be-476a-8ac8-05a9afdaa1bc}</UniqueIdentifier>
    </Filter>
    <Filter Include="Source Files\physicsEngine\force">
      <UniqueIdentifier>{5ef0a784-1cbb-4ff0-b5e0-321acde71997}</UniqueIdentifier>
    </Filter>
    <Filter Include="Source Files\physicsEngine\colliders">
      <UniqueIdentifier>{33ead9ca-808a-47e7-aa61-aae295c1598c}</UniqueIdentifier>
    </Filter>
  </ItemGroup>
  <ItemGroup>
    <ClCompile Include="src\math\Vector3.cpp">
      <Filter>Source Files\math</Filter>
    </ClCompile>
    <ClCompile Include="src\math\Dimensions2.cpp">
      <Filter>Source Files\math</Filter>
    </ClCompile>
    <ClCompile Include="src\math\Dimensions3.cpp">
      <Filter>Source Files\math</Filter>
    </ClCompile>
    <ClCompile Include="src\math\Math.cpp">
      <Filter>Source Files\math</Filter>
    </ClCompile>
    <ClCompile Include="src\math\Vector2.cpp">
      <Filter>Source Files\math</Filter>
    </ClCompile>
    <ClCompile Include="src\Ningin.cpp">
      <Filter>Source Files</Filter>
    </ClCompile>
    <ClCompile Include="src\scripting\Scriptable.cpp">
      <Filter>Source Files\scripting</Filter>
    </ClCompile>
    <ClCompile Include="src\scripting\ScriptingEngine.cpp">
      <Filter>Source Files\scripting</Filter>
    </ClCompile>
    <ClCompile Include="src\system\Renderer.cpp">
      <Filter>Source Files\system</Filter>
    </ClCompile>
    <ClCompile Include="src\system\SceneManager.cpp">
      <Filter>Source Files\system</Filter>
    </ClCompile>
    <ClCompile Include="src\system\SceneLoader.cpp">
      <Filter>Source Files\system</Filter>
    </ClCompile>
    <ClCompile Include="src\system\Window.cpp">
      <Filter>Source Files\system</Filter>
    </ClCompile>
    <ClCompile Include="lib\stb_image.cpp">
      <Filter>lib</Filter>
    </ClCompile>
    <ClCompile Include="src\Environment.cpp">
      <Filter>Source Files</Filter>
    </ClCompile>
    <ClCompile Include="src\scripting\ninginMono\ScriptClass.cpp">
      <Filter>Source Files\scripting\mono</Filter>
    </ClCompile>
    <ClCompile Include="src\scripting\ninginMono\Script.cpp">
      <Filter>Source Files\scripting\mono</Filter>
    </ClCompile>
    <ClCompile Include="src\scripting\ninginMono\Mono.cpp">
      <Filter>Source Files\scripting\mono</Filter>
    </ClCompile>
    <ClCompile Include="src\scripting\ninginMono\InternalCalls.cpp">
      <Filter>Source Files\scripting\mono</Filter>
    </ClCompile>
    <ClCompile Include="src\sceneSystem\entity\Children.cpp">
      <Filter>Source Files\sceneSystem\entity</Filter>
    </ClCompile>
    <ClCompile Include="src\sceneSystem\entity\Id.cpp">
      <Filter>Source Files\sceneSystem\entity</Filter>
    </ClCompile>
    <ClCompile Include="src\sceneSystem\entity\Name.cpp">
      <Filter>Source Files\sceneSystem\entity</Filter>
    </ClCompile>
    <ClCompile Include="src\sceneSystem\entity\Parent.cpp">
      <Filter>Source Files\sceneSystem\entity</Filter>
    </ClCompile>
    <ClCompile Include="src\sceneSystem\World.cpp">
      <Filter>Source Files\sceneSystem</Filter>
    </ClCompile>
    <ClCompile Include="src\sceneSystem\Scene.cpp">
      <Filter>Source Files\sceneSystem</Filter>
    </ClCompile>
    <ClCompile Include="src\resourceManager\ResourceManager.cpp">
      <Filter>Source Files\resourceManager</Filter>
    </ClCompile>
    <ClCompile Include="src\sceneSystem\ecs\record.cpp">
      <Filter>Source Files\sceneSystem\ecs</Filter>
    </ClCompile>
    <ClCompile Include="src\sceneSystem\ecs\archetype.cpp">
      <Filter>Source Files\sceneSystem\ecs</Filter>
    </ClCompile>
    <ClCompile Include="src\sceneSystem\ecs\archetype_manager.cpp">
      <Filter>Source Files\sceneSystem\ecs</Filter>
    </ClCompile>
    <ClCompile Include="src\sceneSystem\ecs\archetype_edge.cpp">
      <Filter>Source Files\sceneSystem\ecs</Filter>
    </ClCompile>
    <ClCompile Include="src\sceneSystem\ecs\archetype_record.cpp">
      <Filter>Source Files\sceneSystem\ecs</Filter>
    </ClCompile>
    <ClCompile Include="src\sceneSystem\ecs\entity_manager.cpp">
      <Filter>Source Files\sceneSystem\ecs</Filter>
    </ClCompile>
    <ClCompile Include="src\sceneSystem\components\TextRenderer.cpp">
      <Filter>Source Files\sceneSystem\components</Filter>
    </ClCompile>
    <ClCompile Include="src\sceneSystem\components\SpriteRenderer.cpp">
      <Filter>Source Files\sceneSystem\components</Filter>
    </ClCompile>
    <ClCompile Include="src\sceneSystem\components\ScriptVec.cpp">
      <Filter>Source Files\sceneSystem\components</Filter>
    </ClCompile>
    <ClCompile Include="src\sceneSystem\components\RigidBody2D.cpp">
      <Filter>Source Files\sceneSystem\components</Filter>
    </ClCompile>
    <ClCompile Include="src\sceneSystem\components\Button.cpp">
      <Filter>Source Files\sceneSystem\components</Filter>
    </ClCompile>
    <ClCompile Include="src\scripting\ninginMono\wrapper\Wrapper.cpp">
      <Filter>Source Files\scripting\mono\wrapper</Filter>
    </ClCompile>
    <ClCompile Include="src\sceneSystem\components\Transform.cpp">
      <Filter>Source Files\sceneSystem\components</Filter>
    </ClCompile>
    <ClCompile Include="src\scripting\ninginMono\MonoPaths.cpp">
      <Filter>Source Files\scripting\mono</Filter>
    </ClCompile>
    <ClCompile Include="src\sceneSystem\components\Animator.cpp">
      <Filter>Source Files\sceneSystem\components</Filter>
    </ClCompile>
    <ClCompile Include="src\resourceManager\animation\AnimationFrame.cpp">
      <Filter>Source Files\resourceManager\animation</Filter>
    </ClCompile>
    <ClCompile Include="src\resourceManager\atlas\Atlas.cpp">
      <Filter>Source Files\resourceManager\atlas</Filter>
    </ClCompile>
    <ClCompile Include="src\resourceManager\color\Color.cpp">
      <Filter>Source Files\resourceManager\color</Filter>
    </ClCompile>
    <ClCompile Include="src\resourceManager\font\Character.cpp">
      <Filter>Source Files\resourceManager\font</Filter>
    </ClCompile>
    <ClCompile Include="src\resourceManager\color\Colors.cpp">
      <Filter>Source Files\resourceManager\color</Filter>
    </ClCompile>
    <ClCompile Include="src\resourceManager\font\Font.cpp">
      <Filter>Source Files\resourceManager\font</Filter>
    </ClCompile>
    <ClCompile Include="src\resourceManager\font\FontInfo.cpp">
      <Filter>Source Files\resourceManager\font</Filter>
    </ClCompile>
    <ClCompile Include="src\resourceManager\font\FontTexture.cpp">
      <Filter>Source Files\resourceManager\font</Filter>
    </ClCompile>
    <ClCompile Include="src\resourceManager\shader\Shader.cpp">
      <Filter>Source Files\resourceManager\shader</Filter>
    </ClCompile>
    <ClCompile Include="src\resourceManager\shader\ShaderInfo.cpp">
      <Filter>Source Files\resourceManager\shader</Filter>
    </ClCompile>
    <ClCompile Include="src\resourceManager\atlas\sprite.cpp">
      <Filter>Source Files\resourceManager\atlas</Filter>
    </ClCompile>
    <ClCompile Include="src\resourceManager\texture\TextureInfo.cpp">
      <Filter>Source Files\resourceManager\texture</Filter>
    </ClCompile>
    <ClCompile Include="src\resourceManager\texture\Texture2D.cpp">
      <Filter>Source Files\resourceManager\texture</Filter>
    </ClCompile>
    <ClCompile Include="src\resourceManager\atlas\SpriteTile.cpp">
      <Filter>Source Files\resourceManager\atlas</Filter>
    </ClCompile>
    <ClCompile Include="src\resourceManager\atlas\SpriteInfo.cpp">
      <Filter>Source Files\resourceManager\atlas</Filter>
    </ClCompile>
    <ClCompile Include="src\resourceManager\atlas\SpriteSheetInfo.cpp">
      <Filter>Source Files\resourceManager\atlas</Filter>
    </ClCompile>
    <ClCompile Include="src\math\Range.cpp">
      <Filter>Source Files\math</Filter>
    </ClCompile>
    <ClCompile Include="src\utils\Debug.cpp">
      <Filter>Source Files\utils</Filter>
    </ClCompile>
    <ClCompile Include="src\utils\FileReader.cpp">
      <Filter>Source Files\utils</Filter>
    </ClCompile>
    <ClCompile Include="src\utils\Timer.cpp">
      <Filter>Source Files\utils</Filter>
    </ClCompile>
    <ClCompile Include="src\resourceManager\opengl\ubo.cpp">
      <Filter>Source Files\resourceManager\opengl</Filter>
    </ClCompile>
    <ClCompile Include="src\resourceManager\opengl\vao.cpp">
      <Filter>Source Files\resourceManager\opengl</Filter>
    </ClCompile>
    <ClCompile Include="src\resourceManager\opengl\buffer.cpp">
      <Filter>Source Files\resourceManager\opengl</Filter>
    </ClCompile>
    <ClCompile Include="src\sceneSystem\entity\Entity.cpp">
      <Filter>Source Files\sceneSystem\entity</Filter>
    </ClCompile>
    <ClCompile Include="src\input\KeyInput.cpp">
      <Filter>Source Files\input</Filter>
    </ClCompile>
    <ClCompile Include="lib\drlibs.cpp">
      <Filter>lib</Filter>
    </ClCompile>
    <ClCompile Include="src\audio\StaticAudioPlayer.cpp">
      <Filter>Source Files\audio</Filter>
    </ClCompile>
    <ClCompile Include="src\physicsEngine\Axes.cpp">
      <Filter>Source Files\physicsEngine</Filter>
    </ClCompile>
    <ClCompile Include="src\physicsEngine\Mask2.cpp">
      <Filter>Source Files\physicsEngine</Filter>
    </ClCompile>
    <ClCompile Include="src\physicsEngine\Mask3.cpp">
      <Filter>Source Files\physicsEngine</Filter>
    </ClCompile>
    <ClCompile Include="src\physicsEngine\SurfaceInteractionModes.cpp">
      <Filter>Source Files\physicsEngine</Filter>
    </ClCompile>
    <ClCompile Include="src\physicsEngine\force\Force.cpp">
      <Filter>Source Files\physicsEngine\force</Filter>
    </ClCompile>
    <ClCompile Include="src\physicsEngine\force\ForceComputation.cpp">
      <Filter>Source Files\physicsEngine\force</Filter>
    </ClCompile>
    <ClCompile Include="src\physicsEngine\colliders\PointCollider.cpp">
      <Filter>Source Files\physicsEngine\colliders</Filter>
    </ClCompile>
    <ClCompile Include="src\physicsEngine\colliders\PolygonCollider.cpp">
      <Filter>Source Files\physicsEngine\colliders</Filter>
    </ClCompile>
  </ItemGroup>
  <ItemGroup>
    <ClInclude Include="src\math\Vector3.h">
      <Filter>Header Files\math</Filter>
    </ClInclude>
    <ClInclude Include="src\math\Dimensions2.h">
      <Filter>Header Files\math</Filter>
    </ClInclude>
    <ClInclude Include="src\math\Dimensions3.h">
      <Filter>Header Files\math</Filter>
    </ClInclude>
    <ClInclude Include="src\math\Math.h">
      <Filter>Header Files\math</Filter>
    </ClInclude>
    <ClInclude Include="src\math\Vector2.h">
      <Filter>Header Files\math</Filter>
    </ClInclude>
    <ClInclude Include="src\Ningin.h">
      <Filter>Header Files</Filter>
    </ClInclude>
    <ClInclude Include="src\scripting\ScriptLanguage.h">
      <Filter>Header Files\scripting</Filter>
    </ClInclude>
    <ClInclude Include="src\scripting\ScriptingEngine.h">
      <Filter>Header Files\scripting</Filter>
    </ClInclude>
    <ClInclude Include="src\scripting\Scriptable.h">
      <Filter>Header Files\scripting</Filter>
    </ClInclude>
    <ClInclude Include="src\system\Renderer.h">
      <Filter>Header Files\system</Filter>
    </ClInclude>
    <ClInclude Include="src\system\SceneManager.h">
      <Filter>Header Files\system</Filter>
    </ClInclude>
    <ClInclude Include="src\system\SceneLoader.h">
      <Filter>Header Files\system</Filter>
    </ClInclude>
    <ClInclude Include="src\system\Window.h">
      <Filter>Header Files\system</Filter>
    </ClInclude>
    <ClInclude Include="src\system\WindowOptions.h">
      <Filter>Header Files\system</Filter>
    </ClInclude>
    <ClInclude Include="src\Environment.h">
      <Filter>Header Files</Filter>
    </ClInclude>
    <ClInclude Include="src\scripting\ninginMono\Mono.h">
      <Filter>Header Files\scripting\mono</Filter>
    </ClInclude>
    <ClInclude Include="src\scripting\ninginMono\InternalCalls.h">
      <Filter>Header Files\scripting\mono</Filter>
    </ClInclude>
    <ClInclude Include="src\scripting\ninginMono\Script.h">
      <Filter>Header Files\scripting\mono</Filter>
    </ClInclude>
    <ClInclude Include="src\scripting\ninginMono\ScriptClass.h">
      <Filter>Header Files\scripting\mono</Filter>
    </ClInclude>
    <ClInclude Include="src\scripting\ninginMono\MonoPaths.h">
      <Filter>Header Files\scripting\mono</Filter>
    </ClInclude>
    <ClInclude Include="src\sceneSystem\Scene.h">
      <Filter>Header Files\sceneSystem</Filter>
    </ClInclude>
    <ClInclude Include="src\sceneSystem\World.h">
      <Filter>Header Files\sceneSystem</Filter>
    </ClInclude>
    <ClInclude Include="src\sceneSystem\entity\id.h">
      <Filter>Header Files\sceneSystem\entity</Filter>
    </ClInclude>
    <ClInclude Include="src\sceneSystem\entity\parent.h">
      <Filter>Header Files\sceneSystem\entity</Filter>
    </ClInclude>
    <ClInclude Include="src\sceneSystem\entity\name.h">
      <Filter>Header Files\sceneSystem\entity</Filter>
    </ClInclude>
    <ClInclude Include="src\sceneSystem\entity\children.h">
      <Filter>Header Files\sceneSystem\entity</Filter>
    </ClInclude>
    <ClInclude Include="src\resourceManager\ResourceManager.h">
      <Filter>Header Files\resourceManager</Filter>
    </ClInclude>
    <ClInclude Include="src\sceneSystem\ecs\Record.h">
      <Filter>Header Files\sceneSystem\ecs</Filter>
    </ClInclude>
    <ClInclude Include="src\sceneSystem\ecs\EntityManager.h">
      <Filter>Header Files\sceneSystem\ecs</Filter>
    </ClInclude>
    <ClInclude Include="src\sceneSystem\ecs\Archetype.h">
      <Filter>Header Files\sceneSystem\ecs</Filter>
    </ClInclude>
    <ClInclude Include="src\sceneSystem\ecs\ArchetypeManager.h">
      <Filter>Header Files\sceneSystem\ecs</Filter>
    </ClInclude>
    <ClInclude Include="src\sceneSystem\ecs\ArchetypeTypeHasher.h">
      <Filter>Header Files\sceneSystem\ecs</Filter>
    </ClInclude>
    <ClInclude Include="src\sceneSystem\ecs\ArchetypeRecord.h">
      <Filter>Header Files\sceneSystem\ecs</Filter>
    </ClInclude>
    <ClInclude Include="src\sceneSystem\ecs\ArchetypeEdge.h">
      <Filter>Header Files\sceneSystem\ecs</Filter>
    </ClInclude>
    <ClInclude Include="src\sceneSystem\components\SpriteRenderer.h">
      <Filter>Header Files\sceneSystem\components</Filter>
    </ClInclude>
    <ClInclude Include="src\sceneSystem\components\Transform.h">
      <Filter>Header Files\sceneSystem\components</Filter>
    </ClInclude>
    <ClInclude Include="src\sceneSystem\components\TextRenderer.h">
      <Filter>Header Files\sceneSystem\components</Filter>
    </ClInclude>
    <ClInclude Include="src\sceneSystem\components\RigidBody2D.h">
      <Filter>Header Files\sceneSystem\components</Filter>
    </ClInclude>
    <ClInclude Include="src\sceneSystem\components\ScriptVec.h">
      <Filter>Header Files\sceneSystem\components</Filter>
    </ClInclude>
    <ClInclude Include="src\sceneSystem\components\Button.h">
      <Filter>Header Files\sceneSystem\components</Filter>
    </ClInclude>
    <ClInclude Include="src\scripting\ninginMono\wrapper\Wrapper.h">
      <Filter>Header Files\scripting\mono\wrapper</Filter>
    </ClInclude>
    <ClInclude Include="src\sceneSystem\components\Animator.h">
      <Filter>Header Files\sceneSystem\components</Filter>
    </ClInclude>
    <ClInclude Include="src\resourceManager\texture\TextureInfo.h">
      <Filter>Header Files\resourceManager\texture</Filter>
    </ClInclude>
    <ClInclude Include="src\resourceManager\texture\Texture2D.h">
      <Filter>Header Files\resourceManager\texture</Filter>
    </ClInclude>
    <ClInclude Include="src\resourceManager\animation\AnimationFrame.h">
      <Filter>Header Files\resourceManager\animation</Filter>
    </ClInclude>
    <ClInclude Include="src\resourceManager\color\Color.h">
      <Filter>Header Files\resourceManager\color</Filter>
    </ClInclude>
    <ClInclude Include="src\resourceManager\color\Colors.h">
      <Filter>Header Files\resourceManager\color</Filter>
    </ClInclude>
    <ClInclude Include="src\resourceManager\font\Font.h">
      <Filter>Header Files\resourceManager\font</Filter>
    </ClInclude>
    <ClInclude Include="src\resourceManager\font\FontInfo.h">
      <Filter>Header Files\resourceManager\font</Filter>
    </ClInclude>
    <ClInclude Include="src\resourceManager\font\FontTexture.h">
      <Filter>Header Files\resourceManager\font</Filter>
    </ClInclude>
    <ClInclude Include="src\resourceManager\font\Character.h">
      <Filter>Header Files\resourceManager\font</Filter>
    </ClInclude>
    <ClInclude Include="src\resourceManager\shader\ShaderInfo.h">
      <Filter>Header Files\resourceManager\shader</Filter>
    </ClInclude>
    <ClInclude Include="src\resourceManager\shader\Shader.h">
      <Filter>Header Files\resourceManager\shader</Filter>
    </ClInclude>
    <ClInclude Include="src\resourceManager\atlas\Sprite.h">
      <Filter>Header Files\resourceManager\atlas</Filter>
    </ClInclude>
    <ClInclude Include="src\resourceManager\atlas\Atlas.h">
      <Filter>Header Files\resourceManager\atlas</Filter>
    </ClInclude>
    <ClInclude Include="src\resourceManager\atlas\SpriteTile.h">
      <Filter>Header Files\resourceManager\atlas</Filter>
    </ClInclude>
    <ClInclude Include="src\resourceManager\atlas\SpriteSheetinfo.h">
      <Filter>Header Files\resourceManager\atlas</Filter>
    </ClInclude>
    <ClInclude Include="src\resourceManager\atlas\SpriteInfo.h">
      <Filter>Header Files\resourceManager\atlas</Filter>
    </ClInclude>
    <ClInclude Include="src\math\Range.h">
      <Filter>Header Files\math</Filter>
    </ClInclude>
    <ClInclude Include="src\utils\Debug.h">
      <Filter>Header Files\utils</Filter>
    </ClInclude>
    <ClInclude Include="src\utils\FileReader.h">
      <Filter>Header Files\utils</Filter>
    </ClInclude>
    <ClInclude Include="src\utils\Timer.h">
      <Filter>Header Files\utils</Filter>
    </ClInclude>
    <ClInclude Include="src\resourceManager\opengl\ubo.h">
      <Filter>Header Files\resourceManager\opengl</Filter>
    </ClInclude>
    <ClInclude Include="src\resourceManager\opengl\vao.h">
      <Filter>Header Files\resourceManager\opengl</Filter>
    </ClInclude>
    <ClInclude Include="src\resourceManager\opengl\buffer.h">
      <Filter>Header Files\resourceManager\opengl</Filter>
    </ClInclude>
    <ClInclude Include="src\sceneSystem\entity\Entity.h">
      <Filter>Header Files\sceneSystem\entity</Filter>
    </ClInclude>
    <ClInclude Include="src\sceneSystem\entity\EntityId.h">
      <Filter>Header Files\sceneSystem\ecs</Filter>
    </ClInclude>
    <ClInclude Include="src\input\KeyInput.h">
      <Filter>Header Files\input</Filter>
    </ClInclude>
    <ClInclude Include="src\audio\AudioData.h">
      <Filter>Header Files\audio</Filter>
    </ClInclude>
    <ClInclude Include="src\audio\StaticAudioPlayer.h">
      <Filter>Header Files\audio</Filter>
    </ClInclude>
    <ClInclude Include="src\physicsEngine\Axes.h">
      <Filter>Header Files\physicsEngine</Filter>
    </ClInclude>
    <ClInclude Include="src\physicsEngine\BodyTypes.h">
      <Filter>Header Files\physicsEngine</Filter>
    </ClInclude>
    <ClInclude Include="src\physicsEngine\CollisionDetectionMode.h">
      <Filter>Header Files\physicsEngine</Filter>
    </ClInclude>
    <ClInclude Include="src\physicsEngine\InterpolationMode.h">
      <Filter>Header Files\physicsEngine</Filter>
    </ClInclude>
    <ClInclude Include="src\physicsEngine\Mask2.h">
      <Filter>Header Files\physicsEngine</Filter>
    </ClInclude>
    <ClInclude Include="src\physicsEngine\Mask3.h">
      <Filter>Header Files\physicsEngine</Filter>
    </ClInclude>
    <ClInclude Include="src\physicsEngine\PhysicsMaterial2D.h">
      <Filter>Header Files\physicsEngine</Filter>
    </ClInclude>
    <ClInclude Include="src\physicsEngine\SleepMode.h">
      <Filter>Header Files\physicsEngine</Filter>
    </ClInclude>
    <ClInclude Include="src\physicsEngine\SurfaceInteractionModes.h">
      <Filter>Header Files\physicsEngine</Filter>
    </ClInclude>
    <ClInclude Include="src\physicsEngine\force\Force.h">
      <Filter>Header Files\physicsEngine\force</Filter>
    </ClInclude>
    <ClInclude Include="src\physicsEngine\force\ForceComputation.h">
      <Filter>Header Files\physicsEngine\force</Filter>
    </ClInclude>
    <ClInclude Include="src\physicsEngine\force\ForceDynamics.h">
      <Filter>Header Files\physicsEngine\force</Filter>
    </ClInclude>
    <ClInclude Include="src\physicsEngine\force\ForceType.h">
      <Filter>Header Files\physicsEngine\force</Filter>
    </ClInclude>
    <ClInclude Include="src\physicsEngine\colliders\BoxCollider.h">
      <Filter>Header Files\physicsEngine\colliders</Filter>
    </ClInclude>
    <ClInclude Include="src\physicsEngine\colliders\CircleCollider.h">
      <Filter>Header Files\physicsEngine\colliders</Filter>
    </ClInclude>
    <ClInclude Include="src\physicsEngine\colliders\PointCollider.h">
      <Filter>Header Files\physicsEngine\colliders</Filter>
    </ClInclude>
    <ClInclude Include="src\physicsEngine\colliders\PolygonCollider.h">
      <Filter>Header Files\physicsEngine\colliders</Filter>
    </ClInclude>
  </ItemGroup>
  <ItemGroup>
    <CopyFileToFolders Include="dependencies\freetype.dll">
      <Filter>Dependencies</Filter>
    </CopyFileToFolders>
    <CopyFileToFolders Include="dependencies\glew32.dll">
      <Filter>Dependencies</Filter>
    </CopyFileToFolders>
    <CopyFileToFolders Include="dependencies\glfw3.dll">
      <Filter>Dependencies</Filter>
    </CopyFileToFolders>
    <CopyFileToFolders Include="dependencies\jsoncpp.dll">
      <Filter>Dependencies</Filter>
    </CopyFileToFolders>
    <CopyFileToFolders Include="dependencies\mono\mono-2.0-sgen.dll">
      <Filter>Dependencies\mono</Filter>
    </CopyFileToFolders>
    <CopyFileToFolders Include="dependencies\portaudio_x64.dll">
      <Filter>Dependencies</Filter>
    </CopyFileToFolders>
  </ItemGroup>
  <ItemGroup>
    <Font Include="resourceFiles\default\fonts\arial.ttf">
      <Filter>Resource Files\Default\Fonts</Filter>
    </Font>
    <Font Include="resourceFiles\default\fonts\arialbd.ttf">
      <Filter>Resource Files\Default\Fonts</Filter>
    </Font>
    <Font Include="resourceFiles\default\fonts\arialbi.ttf">
      <Filter>Resource Files\Default\Fonts</Filter>
    </Font>
    <Font Include="resourceFiles\default\fonts\ariali.ttf">
      <Filter>Resource Files\Default\Fonts</Filter>
    </Font>
    <Font Include="resourceFiles\default\fonts\ARIALN.TTF">
      <Filter>Resource Files\Default\Fonts</Filter>
    </Font>
    <Font Include="resourceFiles\default\fonts\ARIALNB.TTF">
      <Filter>Resource Files\Default\Fonts</Filter>
    </Font>
    <Font Include="resourceFiles\default\fonts\ARIALNBI.TTF">
      <Filter>Resource Files\Default\Fonts</Filter>
    </Font>
    <Font Include="resourceFiles\default\fonts\ARIALNI.TTF">
      <Filter>Resource Files\Default\Fonts</Filter>
    </Font>
    <Font Include="resourceFiles\default\fonts\ariblk.ttf">
      <Filter>Resource Files\Default\Fonts</Filter>
    </Font>
    <Font Include="resourceFiles\default\fonts\Roboto-Black.ttf">
      <Filter>Resource Files\Default\Fonts</Filter>
    </Font>
    <Font Include="resourceFiles\default\fonts\Roboto-BlackItalic.ttf">
      <Filter>Resource Files\Default\Fonts</Filter>
    </Font>
    <Font Include="resourceFiles\default\fonts\Roboto-Bold.ttf">
      <Filter>Resource Files\Default\Fonts</Filter>
    </Font>
    <Font Include="resourceFiles\default\fonts\Roboto-BoldItalic.ttf">
      <Filter>Resource Files\Default\Fonts</Filter>
    </Font>
    <Font Include="resourceFiles\default\fonts\Roboto-Italic.ttf">
      <Filter>Resource Files\Default\Fonts</Filter>
    </Font>
    <Font Include="resourceFiles\default\fonts\Roboto-Light.ttf">
      <Filter>Resource Files\Default\Fonts</Filter>
    </Font>
    <Font Include="resourceFiles\default\fonts\Roboto-LightItalic.ttf">
      <Filter>Resource Files\Default\Fonts</Filter>
    </Font>
    <Font Include="resourceFiles\default\fonts\Roboto-Medium.ttf">
      <Filter>Resource Files\Default\Fonts</Filter>
    </Font>
    <Font Include="resourceFiles\default\fonts\Roboto-MediumItalic.ttf">
      <Filter>Resource Files\Default\Fonts</Filter>
    </Font>
    <Font Include="resourceFiles\default\fonts\Roboto-Regular.ttf">
      <Filter>Resource Files\Default\Fonts</Filter>
    </Font>
    <Font Include="resourceFiles\default\fonts\Roboto-Thin.ttf">
      <Filter>Resource Files\Default\Fonts</Filter>
    </Font>
    <Font Include="resourceFiles\default\fonts\Roboto-ThinItalic.ttf">
      <Filter>Resource Files\Default\Fonts</Filter>
    </Font>
  </ItemGroup>
  <ItemGroup>
    <None Include="resourceFiles\shaders\sprite_fs.frag">
      <Filter>Resource Files\shaders</Filter>
    </None>
    <None Include="resourceFiles\shaders\sprite_vs.vs">
      <Filter>Resource Files\shaders</Filter>
    </None>
    <None Include="resourceFiles\shaders\text_fs.frag">
      <Filter>Resource Files\shaders</Filter>
    </None>
    <None Include="resourceFiles\shaders\text_vs.vs">
      <Filter>Resource Files\shaders</Filter>
    </None>
  </ItemGroup>
</Project>